
Microsoft Visual Studio Solution File, Format Version 12.00
# Visual Studio 14
VisualStudioVersion = 14.0.25420.1
MinimumVisualStudioVersion = 10.0.40219.1
Project("{FAE04EC0-301F-11D3-BF4B-00C04F79EFBC}") = "Find.Me.Xamarin.Droid", "Find.Me.Xamarin\Find.Me.Xamarin.Droid\Find.Me.Xamarin.Droid.csproj", "{B07BC971-B1B8-47F2-A286-D192DDCFFC4F}"
EndProject
Project("{FAE04EC0-301F-11D3-BF4B-00C04F79EFBC}") = "Find.Me.Xamarin.iOS", "Find.Me.Xamarin\Find.Me.Xamarin.iOS\Find.Me.Xamarin.iOS.csproj", "{D95905C6-18DF-451A-99F5-22FE22E8D857}"
EndProject
Project("{FAE04EC0-301F-11D3-BF4B-00C04F79EFBC}") = "Find.Me.Xamarin.WinPhone", "Find.Me.Xamarin\Find.Me.Xamarin.WinPhone\Find.Me.Xamarin.WinPhone.csproj", "{D8D927A3-2435-4234-AC91-44091E3FCE03}"
EndProject
Project("{FAE04EC0-301F-11D3-BF4B-00C04F79EFBC}") = "Find.Me.Xamarin", "Find.Me.Xamarin\Find.Me.Xamarin\Find.Me.Xamarin.csproj", "{2FD362E7-5F40-46F4-8D0E-0E6854C0DEBB}"
EndProject
Global
	GlobalSection(SolutionConfigurationPlatforms) = preSolution
		Debug|Any CPU = Debug|Any CPU
		Debug|ARM = Debug|ARM
		Debug|iPhone = Debug|iPhone
		Debug|iPhoneSimulator = Debug|iPhoneSimulator
		Debug|x86 = Debug|x86
		Release|Any CPU = Release|Any CPU
		Release|ARM = Release|ARM
		Release|iPhone = Release|iPhone
		Release|iPhoneSimulator = Release|iPhoneSimulator
		Release|x86 = Release|x86
	EndGlobalSection
	GlobalSection(ProjectConfigurationPlatforms) = postSolution
		{B07BC971-B1B8-47F2-A286-D192DDCFFC4F}.Debug|Any CPU.ActiveCfg = Debug|Any CPU
		{B07BC971-B1B8-47F2-A286-D192DDCFFC4F}.Debug|Any CPU.Build.0 = Debug|Any CPU
		{B07BC971-B1B8-47F2-A286-D192DDCFFC4F}.Debug|Any CPU.Deploy.0 = Debug|Any CPU
		{B07BC971-B1B8-47F2-A286-D192DDCFFC4F}.Debug|ARM.ActiveCfg = Debug|Any CPU
		{B07BC971-B1B8-47F2-A286-D192DDCFFC4F}.Debug|ARM.Build.0 = Debug|Any CPU
		{B07BC971-B1B8-47F2-A286-D192DDCFFC4F}.Debug|ARM.Deploy.0 = Debug|Any CPU
		{B07BC971-B1B8-47F2-A286-D192DDCFFC4F}.Debug|iPhone.ActiveCfg = Debug|Any CPU
		{B07BC971-B1B8-47F2-A286-D192DDCFFC4F}.Debug|iPhone.Build.0 = Debug|Any CPU
		{B07BC971-B1B8-47F2-A286-D192DDCFFC4F}.Debug|iPhone.Deploy.0 = Debug|Any CPU
		{B07BC971-B1B8-47F2-A286-D192DDCFFC4F}.Debug|iPhoneSimulator.ActiveCfg = Debug|Any CPU
		{B07BC971-B1B8-47F2-A286-D192DDCFFC4F}.Debug|iPhoneSimulator.Build.0 = Debug|Any CPU
		{B07BC971-B1B8-47F2-A286-D192DDCFFC4F}.Debug|iPhoneSimulator.Deploy.0 = Debug|Any CPU
		{B07BC971-B1B8-47F2-A286-D192DDCFFC4F}.Debug|x86.ActiveCfg = Debug|Any CPU
		{B07BC971-B1B8-47F2-A286-D192DDCFFC4F}.Debug|x86.Build.0 = Debug|Any CPU
		{B07BC971-B1B8-47F2-A286-D192DDCFFC4F}.Debug|x86.Deploy.0 = Debug|Any CPU
		{B07BC971-B1B8-47F2-A286-D192DDCFFC4F}.Release|Any CPU.ActiveCfg = Release|Any CPU
		{B07BC971-B1B8-47F2-A286-D192DDCFFC4F}.Release|Any CPU.Build.0 = Release|Any CPU
		{B07BC971-B1B8-47F2-A286-D192DDCFFC4F}.Release|Any CPU.Deploy.0 = Release|Any CPU
		{B07BC971-B1B8-47F2-A286-D192DDCFFC4F}.Release|ARM.ActiveCfg = Release|Any CPU
		{B07BC971-B1B8-47F2-A286-D192DDCFFC4F}.Release|ARM.Build.0 = Release|Any CPU
		{B07BC971-B1B8-47F2-A286-D192DDCFFC4F}.Release|ARM.Deploy.0 = Release|Any CPU
		{B07BC971-B1B8-47F2-A286-D192DDCFFC4F}.Release|iPhone.ActiveCfg = Release|Any CPU
		{B07BC971-B1B8-47F2-A286-D192DDCFFC4F}.Release|iPhone.Build.0 = Release|Any CPU
		{B07BC971-B1B8-47F2-A286-D192DDCFFC4F}.Release|iPhone.Deploy.0 = Release|Any CPU
		{B07BC971-B1B8-47F2-A286-D192DDCFFC4F}.Release|iPhoneSimulator.ActiveCfg = Release|Any CPU
		{B07BC971-B1B8-47F2-A286-D192DDCFFC4F}.Release|iPhoneSimulator.Build.0 = Release|Any CPU
		{B07BC971-B1B8-47F2-A286-D192DDCFFC4F}.Release|iPhoneSimulator.Deploy.0 = Release|Any CPU
		{B07BC971-B1B8-47F2-A286-D192DDCFFC4F}.Release|x86.ActiveCfg = Release|Any CPU
		{B07BC971-B1B8-47F2-A286-D192DDCFFC4F}.Release|x86.Build.0 = Release|Any CPU
		{B07BC971-B1B8-47F2-A286-D192DDCFFC4F}.Release|x86.Deploy.0 = Release|Any CPU
		{D95905C6-18DF-451A-99F5-22FE22E8D857}.Debug|Any CPU.ActiveCfg = Debug|iPhone
		{D95905C6-18DF-451A-99F5-22FE22E8D857}.Debug|ARM.ActiveCfg = Debug|iPhone
		{D95905C6-18DF-451A-99F5-22FE22E8D857}.Debug|iPhone.ActiveCfg = Debug|iPhone
		{D95905C6-18DF-451A-99F5-22FE22E8D857}.Debug|iPhone.Build.0 = Debug|iPhone
		{D95905C6-18DF-451A-99F5-22FE22E8D857}.Debug|iPhoneSimulator.ActiveCfg = Debug|iPhoneSimulator
		{D95905C6-18DF-451A-99F5-22FE22E8D857}.Debug|iPhoneSimulator.Build.0 = Debug|iPhoneSimulator
		{D95905C6-18DF-451A-99F5-22FE22E8D857}.Debug|x86.ActiveCfg = Debug|iPhone
		{D95905C6-18DF-451A-99F5-22FE22E8D857}.Release|Any CPU.ActiveCfg = Release|iPhone
		{D95905C6-18DF-451A-99F5-22FE22E8D857}.Release|ARM.ActiveCfg = Release|iPhone
		{D95905C6-18DF-451A-99F5-22FE22E8D857}.Release|iPhone.ActiveCfg = Release|iPhone
		{D95905C6-18DF-451A-99F5-22FE22E8D857}.Release|iPhone.Build.0 = Release|iPhone
		{D95905C6-18DF-451A-99F5-22FE22E8D857}.Release|iPhoneSimulator.ActiveCfg = Release|iPhoneSimulator
		{D95905C6-18DF-451A-99F5-22FE22E8D857}.Release|iPhoneSimulator.Build.0 = Release|iPhoneSimulator
		{D95905C6-18DF-451A-99F5-22FE22E8D857}.Release|x86.ActiveCfg = Release|iPhone
		{D8D927A3-2435-4234-AC91-44091E3FCE03}.Debug|Any CPU.ActiveCfg = Debug|Any CPU
		{D8D927A3-2435-4234-AC91-44091E3FCE03}.Debug|Any CPU.Build.0 = Debug|Any CPU
		{D8D927A3-2435-4234-AC91-44091E3FCE03}.Debug|Any CPU.Deploy.0 = Debug|Any CPU
		{D8D927A3-2435-4234-AC91-44091E3FCE03}.Debug|ARM.ActiveCfg = Debug|ARM
		{D8D927A3-2435-4234-AC91-44091E3FCE03}.Debug|ARM.Build.0 = Debug|ARM
		{D8D927A3-2435-4234-AC91-44091E3FCE03}.Debug|ARM.Deploy.0 = Debug|ARM
		{D8D927A3-2435-4234-AC91-44091E3FCE03}.Debug|iPhone.ActiveCfg = Debug|Any CPU
		{D8D927A3-2435-4234-AC91-44091E3FCE03}.Debug|iPhone.Build.0 = Debug|Any CPU
		{D8D927A3-2435-4234-AC91-44091E3FCE03}.Debug|iPhone.Deploy.0 = Debug|Any CPU
		{D8D927A3-2435-4234-AC91-44091E3FCE03}.Debug|iPhoneSimulator.ActiveCfg = Debug|Any CPU
		{D8D927A3-2435-4234-AC91-44091E3FCE03}.Debug|iPhoneSimulator.Build.0 = Debug|Any CPU
		{D8D927A3-2435-4234-AC91-44091E3FCE03}.Debug|iPhoneSimulator.Deploy.0 = Debug|Any CPU
		{D8D927A3-2435-4234-AC91-44091E3FCE03}.Debug|x86.ActiveCfg = Debug|x86
		{D8D927A3-2435-4234-AC91-44091E3FCE03}.Debug|x86.Build.0 = Debug|x86
		{D8D927A3-2435-4234-AC91-44091E3FCE03}.Debug|x86.Deploy.0 = Debug|x86
		{D8D927A3-2435-4234-AC91-44091E3FCE03}.Release|Any CPU.ActiveCfg = Release|Any CPU
		{D8D927A3-2435-4234-AC91-44091E3FCE03}.Release|Any CPU.Build.0 = Release|Any CPU
		{D8D927A3-2435-4234-AC91-44091E3FCE03}.Release|Any CPU.Deploy.0 = Release|Any CPU
		{D8D927A3-2435-4234-AC91-44091E3FCE03}.Release|ARM.ActiveCfg = Release|ARM
		{D8D927A3-2435-4234-AC91-44091E3FCE03}.Release|ARM.Build.0 = Release|ARM
		{D8D927A3-2435-4234-AC91-44091E3FCE03}.Release|ARM.Deploy.0 = Release|ARM
		{D8D927A3-2435-4234-AC91-44091E3FCE03}.Release|iPhone.ActiveCfg = Release|Any CPU
		{D8D927A3-2435-4234-AC91-44091E3FCE03}.Release|iPhone.Build.0 = Release|Any CPU
		{D8D927A3-2435-4234-AC91-44091E3FCE03}.Release|iPhone.Deploy.0 = Release|Any CPU
		{D8D927A3-2435-4234-AC91-44091E3FCE03}.Release|iPhoneSimulator.ActiveCfg = Release|Any CPU
		{D8D927A3-2435-4234-AC91-44091E3FCE03}.Release|iPhoneSimulator.Build.0 = Release|Any CPU
		{D8D927A3-2435-4234-AC91-44091E3FCE03}.Release|iPhoneSimulator.Deploy.0 = Release|Any CPU
		{D8D927A3-2435-4234-AC91-44091E3FCE03}.Release|x86.ActiveCfg = Release|x86
		{D8D927A3-2435-4234-AC91-44091E3FCE03}.Release|x86.Build.0 = Release|x86
		{D8D927A3-2435-4234-AC91-44091E3FCE03}.Release|x86.Deploy.0 = Release|x86
		{2FD362E7-5F40-46F4-8D0E-0E6854C0DEBB}.Debug|Any CPU.ActiveCfg = Debug|Any CPU
		{2FD362E7-5F40-46F4-8D0E-0E6854C0DEBB}.Debug|Any CPU.Build.0 = Debug|Any CPU
		{2FD362E7-5F40-46F4-8D0E-0E6854C0DEBB}.Debug|ARM.ActiveCfg = Debug|Any CPU
		{2FD362E7-5F40-46F4-8D0E-0E6854C0DEBB}.Debug|ARM.Build.0 = Debug|Any CPU
		{2FD362E7-5F40-46F4-8D0E-0E6854C0DEBB}.Debug|iPhone.ActiveCfg = Debug|Any CPU
		{2FD362E7-5F40-46F4-8D0E-0E6854C0DEBB}.Debug|iPhone.Build.0 = Debug|Any CPU
		{2FD362E7-5F40-46F4-8D0E-0E6854C0DEBB}.Debug|iPhoneSimulator.ActiveCfg = Debug|Any CPU
		{2FD362E7-5F40-46F4-8D0E-0E6854C0DEBB}.Debug|iPhoneSimulator.Build.0 = Debug|Any CPU
		{2FD362E7-5F40-46F4-8D0E-0E6854C0DEBB}.Debug|x86.ActiveCfg = Debug|Any CPU
		{2FD362E7-5F40-46F4-8D0E-0E6854C0DEBB}.Debug|x86.Build.0 = Debug|Any CPU
		{2FD362E7-5F40-46F4-8D0E-0E6854C0DEBB}.Release|Any CPU.ActiveCfg = Release|Any CPU
		{2FD362E7-5F40-46F4-8D0E-0E6854C0DEBB}.Release|Any CPU.Build.0 = Release|Any CPU
		{2FD362E7-5F40-46F4-8D0E-0E6854C0DEBB}.Release|ARM.ActiveCfg = Release|Any CPU
		{2FD362E7-5F40-46F4-8D0E-0E6854C0DEBB}.Release|ARM.Build.0 = Release|Any CPU
		{2FD362E7-5F40-46F4-8D0E-0E6854C0DEBB}.Release|iPhone.ActiveCfg = Release|Any CPU
		{2FD362E7-5F40-46F4-8D0E-0E6854C0DEBB}.Release|iPhone.Build.0 = Release|Any CPU
		{2FD362E7-5F40-46F4-8D0E-0E6854C0DEBB}.Release|iPhoneSimulator.ActiveCfg = Release|Any CPU
		{2FD362E7-5F40-46F4-8D0E-0E6854C0DEBB}.Release|iPhoneSimulator.Build.0 = Release|Any CPU
		{2FD362E7-5F40-46F4-8D0E-0E6854C0DEBB}.Release|x86.ActiveCfg = Release|Any CPU
		{2FD362E7-5F40-46F4-8D0E-0E6854C0DEBB}.Release|x86.Build.0 = Release|Any CPU
	EndGlobalSection
	GlobalSection(SolutionProperties) = preSolution
		HideSolutionNode = FALSE
	EndGlobalSection
EndGlobal
